
Microsoft Visual Studio Solution File, Format Version 12.00
# Visual Studio Version 17
VisualStudioVersion = 17.9.34728.123
MinimumVisualStudioVersion = 10.0.40219.1
Project("{FAE04EC0-301F-11D3-BF4B-00C04F79EFBC}") = "set", "set\set.csproj", "{2D8342FD-30CA-48A2-ADBE-D7456561E750}"
EndProject
Global
	GlobalSection(SolutionConfigurationPlatforms) = preSolution
		Debug|Any CPU = Debug|Any CPU
		Release|Any CPU = Release|Any CPU
	EndGlobalSection
	GlobalSection(ProjectConfigurationPlatforms) = postSolution
		{2D8342FD-30CA-48A2-ADBE-D7456561E750}.Debug|Any CPU.ActiveCfg = Debug|Any CPU
		{2D8342FD-30CA-48A2-ADBE-D7456561E750}.Debug|Any CPU.Build.0 = Debug|Any CPU
		{2D8342FD-30CA-48A2-ADBE-D7456561E750}.Release|Any CPU.ActiveCfg = Release|Any CPU
		{2D8342FD-30CA-48A2-ADBE-D7456561E750}.Release|Any CPU.Build.0 = Release|Any CPU
	EndGlobalSection
	GlobalSection(SolutionProperties) = preSolution
		HideSolutionNode = FALSE
	EndGlobalSection
	GlobalSection(ExtensibilityGlobals) = postSolution
		SolutionGuid = {AC77F63C-2C84-4F72-8994-88A79B357AE1}
	EndGlobalSection
EndGlobal
